{
  "name": "cek-nik",
  "version": "1.0.0",
  "lockfileVersion": 3,
  "requires": true,
  "packages": {
    "": {
      "name": "cek-nik",
      "version": "1.0.0",
      "license": "ISC",
      "dependencies": {
        "idn-area-data": "^4.0.1"
      }
    },
    "node_modules/idn-area-data": {
      "version": "4.0.1",
      "resolved": "https://registry.npmjs.org/idn-area-data/-/idn-area-data-4.0.1.tgz",
      "integrity": "sha512-PhNSIl5T7swVwwWxJOFMtCaeHAF9TUu0HLDf+36EIWZro9j7au83AFIJiBQGL+iRsBDA2OlpJ5fjiqxNYndzOQ==",
      "dependencies": {
        "papaparse": "^5.5.3"
      },
      "engines": {
        "node": ">=22.0.0"
      },
      "funding": {
        "url": "https://github.com/sponsors/fityannugroho"
      }
    },
    "node_modules/papaparse": {
      "version": "5.5.3",
      "resolved": "https://registry.npmjs.org/papaparse/-/papaparse-5.5.3.tgz",
      "integrity": "sha512-5QvjGxYVjxO59MGU2lHVYpRWBBtKHnlIAcSe1uNFCkkptUh63NFRj0FJQm7nR67puEruUci/ZkjmEFrjCAyP4A=="
    }
  }
}
